
Microsoft Visual Studio Solution File, Format Version 12.00
# Visual Studio 15
VisualStudioVersion = 15.0.27428.2037
MinimumVisualStudioVersion = 10.0.40219.1
Project("{8BC9CEB8-8B4A-11D0-8D11-00A0C91BC942}") = "DelaunayUplifting", "DelaunayUplifting\DelaunayUplifting.vcxproj", "{26D692F3-DCE3-4860-88CC-EEA7E2E8B9A3}"
EndProject
Global
	GlobalSection(SolutionConfigurationPlatforms) = preSolution
		Debug|x64 = Debug|x64
		Debug|x86 = Debug|x86
		Release|x64 = Release|x64
		Release|x86 = Release|x86
	EndGlobalSection
	GlobalSection(ProjectConfigurationPlatforms) = postSolution
		{26D692F3-DCE3-4860-88CC-EEA7E2E8B9A3}.Debug|x64.ActiveCfg = Debug|x64
		{26D692F3-DCE3-4860-88CC-EEA7E2E8B9A3}.Debug|x64.Build.0 = Debug|x64
		{26D692F3-DCE3-4860-88CC-EEA7E2E8B9A3}.Debug|x86.ActiveCfg = Debug|Win32
		{26D692F3-DCE3-4860-88CC-EEA7E2E8B9A3}.Debug|x86.Build.0 = Debug|Win32
		{26D692F3-DCE3-4860-88CC-EEA7E2E8B9A3}.Release|x64.ActiveCfg = Release|x64
		{26D692F3-DCE3-4860-88CC-EEA7E2E8B9A3}.Release|x64.Build.0 = Release|x64
		{26D692F3-DCE3-4860-88CC-EEA7E2E8B9A3}.Release|x86.ActiveCfg = Release|Win32
		{26D692F3-DCE3-4860-88CC-EEA7E2E8B9A3}.Release|x86.Build.0 = Release|Win32
	EndGlobalSection
	GlobalSection(SolutionProperties) = preSolution
		HideSolutionNode = FALSE
	EndGlobalSection
	GlobalSection(ExtensibilityGlobals) = postSolution
		SolutionGuid = {11298489-E1A5-4169-BF24-BBE8BB31F1D2}
	EndGlobalSection
EndGlobal
